
Microsoft Visual Studio Solution File, Format Version 12.00
# Visual Studio Version 17
VisualStudioVersion = 17.11.35327.3
MinimumVisualStudioVersion = 10.0.40219.1
Project("{FAE04EC0-301F-11D3-BF4B-00C04F79EFBC}") = "P9_714230068", "P9_714230068\P9_714230068.csproj", "{F91EA0D6-1E35-4F37-9909-E682E3B97C93}"
EndProject
Global
	GlobalSection(SolutionConfigurationPlatforms) = preSolution
		Debug|Any CPU = Debug|Any CPU
		Release|Any CPU = Release|Any CPU
	EndGlobalSection
	GlobalSection(ProjectConfigurationPlatforms) = postSolution
		{F91EA0D6-1E35-4F37-9909-E682E3B97C93}.Debug|Any CPU.ActiveCfg = Debug|Any CPU
		{F91EA0D6-1E35-4F37-9909-E682E3B97C93}.Debug|Any CPU.Build.0 = Debug|Any CPU
		{F91EA0D6-1E35-4F37-9909-E682E3B97C93}.Release|Any CPU.ActiveCfg = Release|Any CPU
		{F91EA0D6-1E35-4F37-9909-E682E3B97C93}.Release|Any CPU.Build.0 = Release|Any CPU
	EndGlobalSection
	GlobalSection(SolutionProperties) = preSolution
		HideSolutionNode = FALSE
	EndGlobalSection
	GlobalSection(ExtensibilityGlobals) = postSolution
		SolutionGuid = {8EE4FAE6-8FF4-4B7E-905E-492D9506F84C}
	EndGlobalSection
EndGlobal
