
Microsoft Visual Studio Solution File, Format Version 12.00
# Visual Studio Version 17
VisualStudioVersion = 17.11.35327.3
MinimumVisualStudioVersion = 10.0.40219.1
Project("{FAE04EC0-301F-11D3-BF4B-00C04F79EFBC}") = "P2_1_714230068", "P2_1_714230068\P2_1_714230068.csproj", "{435A6995-C1DD-4AD7-A808-098DBA42C247}"
EndProject
Global
	GlobalSection(SolutionConfigurationPlatforms) = preSolution
		Debug|Any CPU = Debug|Any CPU
		Release|Any CPU = Release|Any CPU
	EndGlobalSection
	GlobalSection(ProjectConfigurationPlatforms) = postSolution
		{435A6995-C1DD-4AD7-A808-098DBA42C247}.Debug|Any CPU.ActiveCfg = Debug|Any CPU
		{435A6995-C1DD-4AD7-A808-098DBA42C247}.Debug|Any CPU.Build.0 = Debug|Any CPU
		{435A6995-C1DD-4AD7-A808-098DBA42C247}.Release|Any CPU.ActiveCfg = Release|Any CPU
		{435A6995-C1DD-4AD7-A808-098DBA42C247}.Release|Any CPU.Build.0 = Release|Any CPU
	EndGlobalSection
	GlobalSection(SolutionProperties) = preSolution
		HideSolutionNode = FALSE
	EndGlobalSection
	GlobalSection(ExtensibilityGlobals) = postSolution
		SolutionGuid = {E5CD9704-E0FC-430A-A217-C9D7BD00392C}
	EndGlobalSection
EndGlobal
